// !$*UTF8*$!
{
	archiveVersion = 1;
	classes = {
	};
	objectVersion = 46;
	objects = {

/* Begin PBXBuildFile section */
		9E06FCF51A2D0F3F00FE18CD /* MessageUI.framework in Frameworks */ = {isa = PBXBuildFile; fileRef = 9E06FCF41A2D0F3F00FE18CD /* MessageUI.framework */; };
		9E06FCF71A2D0F6300FE18CD /* ParseFacebookUtils.framework in Frameworks */ = {isa = PBXBuildFile; fileRef = 9E06FCF61A2D0F6300FE18CD /* ParseFacebookUtils.framework */; };
		9E11BBAD1A1260CB0001090B /* AppDelegate.m in Sources */ = {isa = PBXBuildFile; fileRef = 9E11BB7B1A1260CB0001090B /* AppDelegate.m */; };
		9E11BBB11A1260CB0001090B /* InfoPlist.strings in Resources */ = {isa = PBXBuildFile; fileRef = 9E11BB811A1260CB0001090B /* InfoPlist.strings */; };
		9E11BBB21A1260CB0001090B /* Images.xcassets in Resources */ = {isa = PBXBuildFile; fileRef = 9E11BB831A1260CB0001090B /* Images.xcassets */; };
		9E11BBB31A1260CB0001090B /* LoginViewController.m in Sources */ = {isa = PBXBuildFile; fileRef = 9E11BB851A1260CB0001090B /* LoginViewController.m */; };
		9E11BBB41A1260CB0001090B /* main.m in Sources */ = {isa = PBXBuildFile; fileRef = 9E11BB861A1260CB0001090B /* main.m */; };
		9E11BBB91A1260CB0001090B /* SignupViewController.m in Sources */ = {isa = PBXBuildFile; fileRef = 9E11BB8F1A1260CB0001090B /* SignupViewController.m */; };
		9E11BBBA1A1260CB0001090B /* ALAssetsLibrary+CustomPhotoAlbum.m in Sources */ = {isa = PBXBuildFile; fileRef = 9E11BB921A1260CB0001090B /* ALAssetsLibrary+CustomPhotoAlbum.m */; };
		9E11BBBB1A1260CB0001090B /* NSObject+MKBlockAdditions.m in Sources */ = {isa = PBXBuildFile; fileRef = 9E11BB961A1260CB0001090B /* NSObject+MKBlockAdditions.m */; settings = {COMPILER_FLAGS = "-fno-objc-arc"; }; };
		9E11BBBC1A1260CB0001090B /* UIActionSheet+MKBlockAdditions.m in Sources */ = {isa = PBXBuildFile; fileRef = 9E11BB981A1260CB0001090B /* UIActionSheet+MKBlockAdditions.m */; settings = {COMPILER_FLAGS = "-fno-objc-arc"; }; };
		9E11BBBD1A1260CB0001090B /* UIAlertView+MKBlockAdditions.m in Sources */ = {isa = PBXBuildFile; fileRef = 9E11BB9A1A1260CB0001090B /* UIAlertView+MKBlockAdditions.m */; settings = {COMPILER_FLAGS = "-fno-objc-arc"; }; };
		9E11BBBE1A1260CB0001090B /* NSManagedObject+Entity.m in Sources */ = {isa = PBXBuildFile; fileRef = 9E11BB9C1A1260CB0001090B /* NSManagedObject+Entity.m */; };
		9E11BBBF1A1260CB0001090B /* NSManagedObject+Query.m in Sources */ = {isa = PBXBuildFile; fileRef = 9E11BB9E1A1260CB0001090B /* NSManagedObject+Query.m */; };
		9E11BBC01A1260CB0001090B /* NSObject+Notify.m in Sources */ = {isa = PBXBuildFile; fileRef = 9E11BBA01A1260CB0001090B /* NSObject+Notify.m */; };
		9E11BBC11A1260CB0001090B /* Query.m in Sources */ = {isa = PBXBuildFile; fileRef = 9E11BBA21A1260CB0001090B /* Query.m */; };
		9E11BBC21A1260CB0001090B /* UIImage+Alpha.m in Sources */ = {isa = PBXBuildFile; fileRef = 9E11BBA41A1260CB0001090B /* UIImage+Alpha.m */; };
		9E11BBC31A1260CB0001090B /* UIImage+Resize.m in Sources */ = {isa = PBXBuildFile; fileRef = 9E11BBA61A1260CB0001090B /* UIImage+Resize.m */; };
		9E11BBC41A1260CB0001090B /* UIImage+RoundedCorner.m in Sources */ = {isa = PBXBuildFile; fileRef = 9E11BBA81A1260CB0001090B /* UIImage+RoundedCorner.m */; };
		9E11BBC51A1260CB0001090B /* Util.m in Sources */ = {isa = PBXBuildFile; fileRef = 9E11BBAA1A1260CB0001090B /* Util.m */; };
		9E1833841A139FAD00732A3D /* LaunchScreen.xib in Resources */ = {isa = PBXBuildFile; fileRef = 9E1833831A139FAD00732A3D /* LaunchScreen.xib */; };
		9E1833871A13A3A600732A3D /* FacebookHelper.m in Sources */ = {isa = PBXBuildFile; fileRef = 9E1833861A13A3A600732A3D /* FacebookHelper.m */; };
		9E59DB771A18253C00ABCAEA /* Model.xcdatamodeld in Sources */ = {isa = PBXBuildFile; fileRef = 9E59DB751A18253C00ABCAEA /* Model.xcdatamodeld */; };
		9E59DB7B1A1825F200ABCAEA /* ParseBase+Parse.m in Sources */ = {isa = PBXBuildFile; fileRef = 9E59DB791A1825F200ABCAEA /* ParseBase+Parse.m */; };
		9E59DB811A1825FF00ABCAEA /* ParseBase.m in Sources */ = {isa = PBXBuildFile; fileRef = 9E59DB801A1825FF00ABCAEA /* ParseBase.m */; };
		9E59DB841A18266500ABCAEA /* Gem+Parse.m in Sources */ = {isa = PBXBuildFile; fileRef = 9E59DB831A18266500ABCAEA /* Gem+Parse.m */; };
		9E59DB941A1835E100ABCAEA /* GemCell.m in Sources */ = {isa = PBXBuildFile; fileRef = 9E59DB931A1835E100ABCAEA /* GemCell.m */; };
		9E79B7F2196435AA00559838 /* Foundation.framework in Frameworks */ = {isa = PBXBuildFile; fileRef = 9E79B7F1196435AA00559838 /* Foundation.framework */; };
		9E79B7F4196435AA00559838 /* CoreGraphics.framework in Frameworks */ = {isa = PBXBuildFile; fileRef = 9E79B7F3196435AA00559838 /* CoreGraphics.framework */; };
		9E79B7F6196435AA00559838 /* UIKit.framework in Frameworks */ = {isa = PBXBuildFile; fileRef = 9E79B7F5196435AA00559838 /* UIKit.framework */; };
		9E79B812196435AA00559838 /* Foundation.framework in Frameworks */ = {isa = PBXBuildFile; fileRef = 9E79B7F1196435AA00559838 /* Foundation.framework */; };
		9E79B813196435AA00559838 /* UIKit.framework in Frameworks */ = {isa = PBXBuildFile; fileRef = 9E79B7F5196435AA00559838 /* UIKit.framework */; };
		9E79B86219643AF200559838 /* AudioToolbox.framework in Frameworks */ = {isa = PBXBuildFile; fileRef = 9E79B86119643AF200559838 /* AudioToolbox.framework */; };
		9E79B86419643AF900559838 /* CFNetwork.framework in Frameworks */ = {isa = PBXBuildFile; fileRef = 9E79B86319643AF900559838 /* CFNetwork.framework */; };
		9E79B86619643AFE00559838 /* CoreLocation.framework in Frameworks */ = {isa = PBXBuildFile; fileRef = 9E79B86519643AFE00559838 /* CoreLocation.framework */; };
		9E79B86819643B0300559838 /* libz.dylib in Frameworks */ = {isa = PBXBuildFile; fileRef = 9E79B86719643B0300559838 /* libz.dylib */; };
		9E79B86A19643B0A00559838 /* MobileCoreServices.framework in Frameworks */ = {isa = PBXBuildFile; fileRef = 9E79B86919643B0A00559838 /* MobileCoreServices.framework */; };
		9E79B86C19643B1100559838 /* QuartzCore.framework in Frameworks */ = {isa = PBXBuildFile; fileRef = 9E79B86B19643B1100559838 /* QuartzCore.framework */; };
		9E79B86E19643B1600559838 /* Security.framework in Frameworks */ = {isa = PBXBuildFile; fileRef = 9E79B86D19643B1600559838 /* Security.framework */; };
		9E79B87019643B1900559838 /* StoreKit.framework in Frameworks */ = {isa = PBXBuildFile; fileRef = 9E79B86F19643B1900559838 /* StoreKit.framework */; };
		9E79B87219643B2100559838 /* SystemConfiguration.framework in Frameworks */ = {isa = PBXBuildFile; fileRef = 9E79B87119643B2100559838 /* SystemConfiguration.framework */; };
		9E7A895E1A23632A009FD39F /* Crashlytics.framework in Frameworks */ = {isa = PBXBuildFile; fileRef = 9E7A895D1A23632A009FD39F /* Crashlytics.framework */; };
		9E7A89611A236804009FD39F /* GemPhotoCell.m in Sources */ = {isa = PBXBuildFile; fileRef = 9E7A89601A236804009FD39F /* GemPhotoCell.m */; };
		9E7A89671A237B22009FD39F /* Gem+Info.m in Sources */ = {isa = PBXBuildFile; fileRef = 9E7A89661A237B22009FD39F /* Gem+Info.m */; };
		9E7A89731A23B3C4009FD39F /* Crashlytics.framework in Frameworks */ = {isa = PBXBuildFile; fileRef = 9E7A89721A23B3C4009FD39F /* Crashlytics.framework */; };
		9E7A89751A23B3F1009FD39F /* Fabric.framework in Frameworks */ = {isa = PBXBuildFile; fileRef = 9E7A89741A23B3F1009FD39F /* Fabric.framework */; };
		9E7A8D231A23B679009FD39F /* FacebookSDK.framework in Frameworks */ = {isa = PBXBuildFile; fileRef = 9E7A8D211A23B679009FD39F /* FacebookSDK.framework */; };
		9E7E06011A39C7040052BCEA /* Album+Parse.m in Sources */ = {isa = PBXBuildFile; fileRef = 9E7E06001A39C7040052BCEA /* Album+Parse.m */; };
		9E7E06081A39D4E20052BCEA /* AlbumsViewController.m in Sources */ = {isa = PBXBuildFile; fileRef = 9E7E06071A39D4E20052BCEA /* AlbumsViewController.m */; };
		9E7E060B1A39DAB10052BCEA /* AlbumCell.m in Sources */ = {isa = PBXBuildFile; fileRef = 9E7E060A1A39DAB10052BCEA /* AlbumCell.m */; };
		9E7E060E1A39DB830052BCEA /* Album+Info.m in Sources */ = {isa = PBXBuildFile; fileRef = 9E7E060D1A39DB830052BCEA /* Album+Info.m */; };
		9E8C64581A41E5B500169DA6 /* Gem.m in Sources */ = {isa = PBXBuildFile; fileRef = 9E8C64571A41E5B500169DA6 /* Gem.m */; };
		9E92A0AF1A45184600D7C42B /* LSCollectionViewHelper.m in Sources */ = {isa = PBXBuildFile; fileRef = 9E92A0AC1A45184600D7C42B /* LSCollectionViewHelper.m */; };
		9E92A0B01A45184600D7C42B /* LSCollectionViewLayoutHelper.m in Sources */ = {isa = PBXBuildFile; fileRef = 9E92A0AE1A45184600D7C42B /* LSCollectionViewLayoutHelper.m */; };
		9E92A0B31A45184D00D7C42B /* DraggableCollectionViewFlowLayout.m in Sources */ = {isa = PBXBuildFile; fileRef = 9E92A0B21A45184D00D7C42B /* DraggableCollectionViewFlowLayout.m */; };
		9E92A0B81A45193300D7C42B /* UICollectionView+Draggable.m in Sources */ = {isa = PBXBuildFile; fileRef = 9E92A0B51A45193300D7C42B /* UICollectionView+Draggable.m */; };
		9E92A0BB1A451DA700D7C42B /* GemBoxViewController.m in Sources */ = {isa = PBXBuildFile; fileRef = 9E92A0BA1A451DA700D7C42B /* GemBoxViewController.m */; };
		9E9B4FD81A421CC400E89A60 /* Album+Validation.m in Sources */ = {isa = PBXBuildFile; fileRef = 9E9B4FD71A421CC400E89A60 /* Album+Validation.m */; };
		9E9B4FDE1A421E8B00E89A60 /* Album.m in Sources */ = {isa = PBXBuildFile; fileRef = 9E9B4FDD1A421E8B00E89A60 /* Album.m */; };
		9EBA18C01A3F640000B0C48F /* AlbumFlowLayout.m in Sources */ = {isa = PBXBuildFile; fileRef = 9EBA18BF1A3F640000B0C48F /* AlbumFlowLayout.m */; };
		9EBA18C31A41429D00B0C48F /* GemDetailCollectionViewController.m in Sources */ = {isa = PBXBuildFile; fileRef = 9EBA18C21A41429D00B0C48F /* GemDetailCollectionViewController.m */; };
		9EBA18C61A41435700B0C48F /* GemDetailCell.m in Sources */ = {isa = PBXBuildFile; fileRef = 9EBA18C51A41435700B0C48F /* GemDetailCell.m */; };
		9EBEB86E1A38B06C0092D463 /* BackgroundHelper.m in Sources */ = {isa = PBXBuildFile; fileRef = 9EBEB86D1A38B06C0092D463 /* BackgroundHelper.m */; };
		9ECFA61B1A2947110049BB5E /* GemFullCell.m in Sources */ = {isa = PBXBuildFile; fileRef = 9ECFA61A1A2947110049BB5E /* GemFullCell.m */; };
		9ECFA6201A2948920049BB5E /* GemFullPhotoCell.m in Sources */ = {isa = PBXBuildFile; fileRef = 9ECFA61F1A2948920049BB5E /* GemFullPhotoCell.m */; };
		9ED638F61A12610800D1F62C /* Parse.framework in Frameworks */ = {isa = PBXBuildFile; fileRef = 9ED638F31A12610800D1F62C /* Parse.framework */; };
		9ED638FA1A12613500D1F62C /* BabyGems-Info.plist in Resources */ = {isa = PBXBuildFile; fileRef = 9ED638F81A12613500D1F62C /* BabyGems-Info.plist */; };
		9ED638FB1A1261CF00D1F62C /* LoginSignup.storyboard in Resources */ = {isa = PBXBuildFile; fileRef = 9E11BB7C1A1260CB0001090B /* LoginSignup.storyboard */; };
		9EDA284F1A1863C100A5AD06 /* InitialViewController.m in Sources */ = {isa = PBXBuildFile; fileRef = 9EDA284E1A1863C100A5AD06 /* InitialViewController.m */; };
		9EDF42551A12673600ABC447 /* Main.storyboard in Resources */ = {isa = PBXBuildFile; fileRef = 9EDF42541A12673600ABC447 /* Main.storyboard */; };
		9EDF42581A12686300ABC447 /* NewGemViewController.m in Sources */ = {isa = PBXBuildFile; fileRef = 9EDF42571A12686300ABC447 /* NewGemViewController.m */; };
		9EE0200E1A2617210028FFBC /* CameraViewController.m in Sources */ = {isa = PBXBuildFile; fileRef = 9EE0200D1A2617210028FFBC /* CameraViewController.m */; };
		F37DA4307F13E94AF0851425 /* libPods.a in Frameworks */ = {isa = PBXBuildFile; fileRef = 997E5C0758E8BFD3DADD6D97 /* libPods.a */; };
/* End PBXBuildFile section */

/* Begin PBXContainerItemProxy section */
		9E79B814196435AA00559838 /* PBXContainerItemProxy */ = {
			isa = PBXContainerItemProxy;
			containerPortal = 9E79B7E6196435AA00559838 /* Project object */;
			proxyType = 1;
			remoteGlobalIDString = 9E79B7ED196435AA00559838;
			remoteInfo = SEVEN;
		};
/* End PBXContainerItemProxy section */

/* Begin PBXFileReference section */
		49A046803F881D9CFFB18B27 /* Pods.release.xcconfig */ = {isa = PBXFileReference; includeInIndex = 1; lastKnownFileType = text.xcconfig; name = Pods.release.xcconfig; path = "Pods/Target Support Files/Pods/Pods.release.xcconfig"; sourceTree = "<group>"; };
		997E5C0758E8BFD3DADD6D97 /* libPods.a */ = {isa = PBXFileReference; explicitFileType = archive.ar; includeInIndex = 0; path = libPods.a; sourceTree = BUILT_PRODUCTS_DIR; };
		9E06FCF41A2D0F3F00FE18CD /* MessageUI.framework */ = {isa = PBXFileReference; lastKnownFileType = wrapper.framework; name = MessageUI.framework; path = System/Library/Frameworks/MessageUI.framework; sourceTree = SDKROOT; };
		9E06FCF61A2D0F6300FE18CD /* ParseFacebookUtils.framework */ = {isa = PBXFileReference; lastKnownFileType = wrapper.framework; name = ParseFacebookUtils.framework; path = BabyGems/ParseFacebookUtils.framework; sourceTree = "<group>"; };
		9E11BB7A1A1260CB0001090B /* AppDelegate.h */ = {isa = PBXFileReference; fileEncoding = 4; lastKnownFileType = sourcecode.c.h; path = AppDelegate.h; sourceTree = "<group>"; };
		9E11BB7B1A1260CB0001090B /* AppDelegate.m */ = {isa = PBXFileReference; fileEncoding = 4; lastKnownFileType = sourcecode.c.objc; path = AppDelegate.m; sourceTree = "<group>"; };
		9E11BB7D1A1260CB0001090B /* Base */ = {isa = PBXFileReference; lastKnownFileType = file.storyboard; name = Base; path = Base.lproj/LoginSignup.storyboard; sourceTree = "<group>"; };
		9E11BB821A1260CB0001090B /* en */ = {isa = PBXFileReference; lastKnownFileType = text.plist.strings; name = en; path = en.lproj/InfoPlist.strings; sourceTree = "<group>"; };
		9E11BB831A1260CB0001090B /* Images.xcassets */ = {isa = PBXFileReference; lastKnownFileType = folder.assetcatalog; path = Images.xcassets; sourceTree = "<group>"; };
		9E11BB841A1260CB0001090B /* LoginViewController.h */ = {isa = PBXFileReference; fileEncoding = 4; lastKnownFileType = sourcecode.c.h; path = LoginViewController.h; sourceTree = "<group>"; };
		9E11BB851A1260CB0001090B /* LoginViewController.m */ = {isa = PBXFileReference; fileEncoding = 4; lastKnownFileType = sourcecode.c.objc; path = LoginViewController.m; sourceTree = "<group>"; };
		9E11BB861A1260CB0001090B /* main.m */ = {isa = PBXFileReference; fileEncoding = 4; lastKnownFileType = sourcecode.c.objc; path = main.m; sourceTree = "<group>"; };
		9E11BB8E1A1260CB0001090B /* SignupViewController.h */ = {isa = PBXFileReference; fileEncoding = 4; lastKnownFileType = sourcecode.c.h; path = SignupViewController.h; sourceTree = "<group>"; };
		9E11BB8F1A1260CB0001090B /* SignupViewController.m */ = {isa = PBXFileReference; fileEncoding = 4; lastKnownFileType = sourcecode.c.objc; path = SignupViewController.m; sourceTree = "<group>"; };
		9E11BB911A1260CB0001090B /* ALAssetsLibrary+CustomPhotoAlbum.h */ = {isa = PBXFileReference; fileEncoding = 4; lastKnownFileType = sourcecode.c.h; path = "ALAssetsLibrary+CustomPhotoAlbum.h"; sourceTree = "<group>"; };
		9E11BB921A1260CB0001090B /* ALAssetsLibrary+CustomPhotoAlbum.m */ = {isa = PBXFileReference; fileEncoding = 4; lastKnownFileType = sourcecode.c.objc; path = "ALAssetsLibrary+CustomPhotoAlbum.m"; sourceTree = "<group>"; };
		9E11BB941A1260CB0001090B /* MKBlockAdditions.h */ = {isa = PBXFileReference; fileEncoding = 4; lastKnownFileType = sourcecode.c.h; path = MKBlockAdditions.h; sourceTree = "<group>"; };
		9E11BB951A1260CB0001090B /* NSObject+MKBlockAdditions.h */ = {isa = PBXFileReference; fileEncoding = 4; lastKnownFileType = sourcecode.c.h; path = "NSObject+MKBlockAdditions.h"; sourceTree = "<group>"; };
		9E11BB961A1260CB0001090B /* NSObject+MKBlockAdditions.m */ = {isa = PBXFileReference; fileEncoding = 4; lastKnownFileType = sourcecode.c.objc; path = "NSObject+MKBlockAdditions.m"; sourceTree = "<group>"; };
		9E11BB971A1260CB0001090B /* UIActionSheet+MKBlockAdditions.h */ = {isa = PBXFileReference; fileEncoding = 4; lastKnownFileType = sourcecode.c.h; path = "UIActionSheet+MKBlockAdditions.h"; sourceTree = "<group>"; };
		9E11BB981A1260CB0001090B /* UIActionSheet+MKBlockAdditions.m */ = {isa = PBXFileReference; fileEncoding = 4; lastKnownFileType = sourcecode.c.objc; path = "UIActionSheet+MKBlockAdditions.m"; sourceTree = "<group>"; };
		9E11BB991A1260CB0001090B /* UIAlertView+MKBlockAdditions.h */ = {isa = PBXFileReference; fileEncoding = 4; lastKnownFileType = sourcecode.c.h; path = "UIAlertView+MKBlockAdditions.h"; sourceTree = "<group>"; };
		9E11BB9A1A1260CB0001090B /* UIAlertView+MKBlockAdditions.m */ = {isa = PBXFileReference; fileEncoding = 4; lastKnownFileType = sourcecode.c.objc; path = "UIAlertView+MKBlockAdditions.m"; sourceTree = "<group>"; };
		9E11BB9B1A1260CB0001090B /* NSManagedObject+Entity.h */ = {isa = PBXFileReference; fileEncoding = 4; lastKnownFileType = sourcecode.c.h; path = "NSManagedObject+Entity.h"; sourceTree = "<group>"; };
		9E11BB9C1A1260CB0001090B /* NSManagedObject+Entity.m */ = {isa = PBXFileReference; fileEncoding = 4; lastKnownFileType = sourcecode.c.objc; path = "NSManagedObject+Entity.m"; sourceTree = "<group>"; };
		9E11BB9D1A1260CB0001090B /* NSManagedObject+Query.h */ = {isa = PBXFileReference; fileEncoding = 4; lastKnownFileType = sourcecode.c.h; path = "NSManagedObject+Query.h"; sourceTree = "<group>"; };
		9E11BB9E1A1260CB0001090B /* NSManagedObject+Query.m */ = {isa = PBXFileReference; fileEncoding = 4; lastKnownFileType = sourcecode.c.objc; path = "NSManagedObject+Query.m"; sourceTree = "<group>"; };
		9E11BB9F1A1260CB0001090B /* NSObject+Notify.h */ = {isa = PBXFileReference; fileEncoding = 4; lastKnownFileType = sourcecode.c.h; path = "NSObject+Notify.h"; sourceTree = "<group>"; };
		9E11BBA01A1260CB0001090B /* NSObject+Notify.m */ = {isa = PBXFileReference; fileEncoding = 4; lastKnownFileType = sourcecode.c.objc; path = "NSObject+Notify.m"; sourceTree = "<group>"; };
		9E11BBA11A1260CB0001090B /* Query.h */ = {isa = PBXFileReference; fileEncoding = 4; lastKnownFileType = sourcecode.c.h; path = Query.h; sourceTree = "<group>"; };
		9E11BBA21A1260CB0001090B /* Query.m */ = {isa = PBXFileReference; fileEncoding = 4; lastKnownFileType = sourcecode.c.objc; path = Query.m; sourceTree = "<group>"; };
		9E11BBA31A1260CB0001090B /* UIImage+Alpha.h */ = {isa = PBXFileReference; fileEncoding = 4; lastKnownFileType = sourcecode.c.h; path = "UIImage+Alpha.h"; sourceTree = "<group>"; };
		9E11BBA41A1260CB0001090B /* UIImage+Alpha.m */ = {isa = PBXFileReference; fileEncoding = 4; lastKnownFileType = sourcecode.c.objc; path = "UIImage+Alpha.m"; sourceTree = "<group>"; };
		9E11BBA51A1260CB0001090B /* UIImage+Resize.h */ = {isa = PBXFileReference; fileEncoding = 4; lastKnownFileType = sourcecode.c.h; path = "UIImage+Resize.h"; sourceTree = "<group>"; };
		9E11BBA61A1260CB0001090B /* UIImage+Resize.m */ = {isa = PBXFileReference; fileEncoding = 4; lastKnownFileType = sourcecode.c.objc; path = "UIImage+Resize.m"; sourceTree = "<group>"; };
		9E11BBA71A1260CB0001090B /* UIImage+RoundedCorner.h */ = {isa = PBXFileReference; fileEncoding = 4; lastKnownFileType = sourcecode.c.h; path = "UIImage+RoundedCorner.h"; sourceTree = "<group>"; };
		9E11BBA81A1260CB0001090B /* UIImage+RoundedCorner.m */ = {isa = PBXFileReference; fileEncoding = 4; lastKnownFileType = sourcecode.c.objc; path = "UIImage+RoundedCorner.m"; sourceTree = "<group>"; };
		9E11BBA91A1260CB0001090B /* Util.h */ = {isa = PBXFileReference; fileEncoding = 4; lastKnownFileType = sourcecode.c.h; path = Util.h; sourceTree = "<group>"; };
		9E11BBAA1A1260CB0001090B /* Util.m */ = {isa = PBXFileReference; fileEncoding = 4; lastKnownFileType = sourcecode.c.objc; path = Util.m; sourceTree = "<group>"; };
		9E1833831A139FAD00732A3D /* LaunchScreen.xib */ = {isa = PBXFileReference; fileEncoding = 4; lastKnownFileType = file.xib; path = LaunchScreen.xib; sourceTree = "<group>"; };
		9E1833851A13A3A600732A3D /* FacebookHelper.h */ = {isa = PBXFileReference; fileEncoding = 4; lastKnownFileType = sourcecode.c.h; path = FacebookHelper.h; sourceTree = "<group>"; };
		9E1833861A13A3A600732A3D /* FacebookHelper.m */ = {isa = PBXFileReference; fileEncoding = 4; lastKnownFileType = sourcecode.c.objc; path = FacebookHelper.m; sourceTree = "<group>"; };
		9E56B70C1A41481900A7227B /* GemDetailProtocol.h */ = {isa = PBXFileReference; fileEncoding = 4; lastKnownFileType = sourcecode.c.h; path = GemDetailProtocol.h; sourceTree = "<group>"; };
		9E59DB761A18253C00ABCAEA /* Model.xcdatamodel */ = {isa = PBXFileReference; lastKnownFileType = wrapper.xcdatamodel; path = Model.xcdatamodel; sourceTree = "<group>"; };
		9E59DB781A1825F200ABCAEA /* ParseBase+Parse.h */ = {isa = PBXFileReference; fileEncoding = 4; lastKnownFileType = sourcecode.c.h; path = "ParseBase+Parse.h"; sourceTree = "<group>"; };
		9E59DB791A1825F200ABCAEA /* ParseBase+Parse.m */ = {isa = PBXFileReference; fileEncoding = 4; lastKnownFileType = sourcecode.c.objc; path = "ParseBase+Parse.m"; sourceTree = "<group>"; };
		9E59DB7A1A1825F200ABCAEA /* PFObjectFactory.h */ = {isa = PBXFileReference; fileEncoding = 4; lastKnownFileType = sourcecode.c.h; path = PFObjectFactory.h; sourceTree = "<group>"; };
		9E59DB7F1A1825FF00ABCAEA /* ParseBase.h */ = {isa = PBXFileReference; fileEncoding = 4; lastKnownFileType = sourcecode.c.h; path = ParseBase.h; sourceTree = "<group>"; };
		9E59DB801A1825FF00ABCAEA /* ParseBase.m */ = {isa = PBXFileReference; fileEncoding = 4; lastKnownFileType = sourcecode.c.objc; path = ParseBase.m; sourceTree = "<group>"; };
		9E59DB821A18266500ABCAEA /* Gem+Parse.h */ = {isa = PBXFileReference; fileEncoding = 4; lastKnownFileType = sourcecode.c.h; path = "Gem+Parse.h"; sourceTree = "<group>"; };
		9E59DB831A18266500ABCAEA /* Gem+Parse.m */ = {isa = PBXFileReference; fileEncoding = 4; lastKnownFileType = sourcecode.c.objc; path = "Gem+Parse.m"; sourceTree = "<group>"; };
		9E59DB921A1835E100ABCAEA /* GemCell.h */ = {isa = PBXFileReference; fileEncoding = 4; lastKnownFileType = sourcecode.c.h; path = GemCell.h; sourceTree = "<group>"; };
		9E59DB931A1835E100ABCAEA /* GemCell.m */ = {isa = PBXFileReference; fileEncoding = 4; lastKnownFileType = sourcecode.c.objc; path = GemCell.m; sourceTree = "<group>"; };
		9E59DB951A18397D00ABCAEA /* Constants.h */ = {isa = PBXFileReference; lastKnownFileType = sourcecode.c.h; path = Constants.h; sourceTree = "<group>"; };
		9E79B7EE196435AA00559838 /* BabyGems.app */ = {isa = PBXFileReference; explicitFileType = wrapper.application; includeInIndex = 0; path = BabyGems.app; sourceTree = BUILT_PRODUCTS_DIR; };
		9E79B7F1196435AA00559838 /* Foundation.framework */ = {isa = PBXFileReference; lastKnownFileType = wrapper.framework; name = Foundation.framework; path = System/Library/Frameworks/Foundation.framework; sourceTree = SDKROOT; };
		9E79B7F3196435AA00559838 /* CoreGraphics.framework */ = {isa = PBXFileReference; lastKnownFileType = wrapper.framework; name = CoreGraphics.framework; path = System/Library/Frameworks/CoreGraphics.framework; sourceTree = SDKROOT; };
		9E79B7F5196435AA00559838 /* UIKit.framework */ = {isa = PBXFileReference; lastKnownFileType = wrapper.framework; name = UIKit.framework; path = System/Library/Frameworks/UIKit.framework; sourceTree = SDKROOT; };
		9E79B80F196435AA00559838 /* Tests.xctest */ = {isa = PBXFileReference; explicitFileType = wrapper.cfbundle; includeInIndex = 0; path = Tests.xctest; sourceTree = BUILT_PRODUCTS_DIR; };
		9E79B86119643AF200559838 /* AudioToolbox.framework */ = {isa = PBXFileReference; lastKnownFileType = wrapper.framework; name = AudioToolbox.framework; path = System/Library/Frameworks/AudioToolbox.framework; sourceTree = SDKROOT; };
		9E79B86319643AF900559838 /* CFNetwork.framework */ = {isa = PBXFileReference; lastKnownFileType = wrapper.framework; name = CFNetwork.framework; path = System/Library/Frameworks/CFNetwork.framework; sourceTree = SDKROOT; };
		9E79B86519643AFE00559838 /* CoreLocation.framework */ = {isa = PBXFileReference; lastKnownFileType = wrapper.framework; name = CoreLocation.framework; path = System/Library/Frameworks/CoreLocation.framework; sourceTree = SDKROOT; };
		9E79B86719643B0300559838 /* libz.dylib */ = {isa = PBXFileReference; lastKnownFileType = "compiled.mach-o.dylib"; name = libz.dylib; path = usr/lib/libz.dylib; sourceTree = SDKROOT; };
		9E79B86919643B0A00559838 /* MobileCoreServices.framework */ = {isa = PBXFileReference; lastKnownFileType = wrapper.framework; name = MobileCoreServices.framework; path = System/Library/Frameworks/MobileCoreServices.framework; sourceTree = SDKROOT; };
		9E79B86B19643B1100559838 /* QuartzCore.framework */ = {isa = PBXFileReference; lastKnownFileType = wrapper.framework; name = QuartzCore.framework; path = System/Library/Frameworks/QuartzCore.framework; sourceTree = SDKROOT; };
		9E79B86D19643B1600559838 /* Security.framework */ = {isa = PBXFileReference; lastKnownFileType = wrapper.framework; name = Security.framework; path = System/Library/Frameworks/Security.framework; sourceTree = SDKROOT; };
		9E79B86F19643B1900559838 /* StoreKit.framework */ = {isa = PBXFileReference; lastKnownFileType = wrapper.framework; name = StoreKit.framework; path = System/Library/Frameworks/StoreKit.framework; sourceTree = SDKROOT; };
		9E79B87119643B2100559838 /* SystemConfiguration.framework */ = {isa = PBXFileReference; lastKnownFileType = wrapper.framework; name = SystemConfiguration.framework; path = System/Library/Frameworks/SystemConfiguration.framework; sourceTree = SDKROOT; };
		9E7A895D1A23632A009FD39F /* Crashlytics.framework */ = {isa = PBXFileReference; lastKnownFileType = wrapper.framework; path = Crashlytics.framework; sourceTree = "<group>"; };
		9E7A895F1A236804009FD39F /* GemPhotoCell.h */ = {isa = PBXFileReference; fileEncoding = 4; lastKnownFileType = sourcecode.c.h; path = GemPhotoCell.h; sourceTree = "<group>"; };
		9E7A89601A236804009FD39F /* GemPhotoCell.m */ = {isa = PBXFileReference; fileEncoding = 4; lastKnownFileType = sourcecode.c.objc; path = GemPhotoCell.m; sourceTree = "<group>"; };
		9E7A89651A237B22009FD39F /* Gem+Info.h */ = {isa = PBXFileReference; fileEncoding = 4; lastKnownFileType = sourcecode.c.h; path = "Gem+Info.h"; sourceTree = "<group>"; };
		9E7A89661A237B22009FD39F /* Gem+Info.m */ = {isa = PBXFileReference; fileEncoding = 4; lastKnownFileType = sourcecode.c.objc; path = "Gem+Info.m"; sourceTree = "<group>"; };
		9E7A89721A23B3C4009FD39F /* Crashlytics.framework */ = {isa = PBXFileReference; lastKnownFileType = wrapper.framework; path = Crashlytics.framework; sourceTree = "<group>"; };
		9E7A89741A23B3F1009FD39F /* Fabric.framework */ = {isa = PBXFileReference; lastKnownFileType = wrapper.framework; path = Fabric.framework; sourceTree = "<group>"; };
		9E7A8D211A23B679009FD39F /* FacebookSDK.framework */ = {isa = PBXFileReference; lastKnownFileType = wrapper.framework; name = FacebookSDK.framework; path = FacebookSDK/FacebookSDK.framework; sourceTree = "<group>"; };
		9E7E05FF1A39C7040052BCEA /* Album+Parse.h */ = {isa = PBXFileReference; fileEncoding = 4; lastKnownFileType = sourcecode.c.h; path = "Album+Parse.h"; sourceTree = "<group>"; };
		9E7E06001A39C7040052BCEA /* Album+Parse.m */ = {isa = PBXFileReference; fileEncoding = 4; lastKnownFileType = sourcecode.c.objc; path = "Album+Parse.m"; sourceTree = "<group>"; };
		9E7E06061A39D4E20052BCEA /* AlbumsViewController.h */ = {isa = PBXFileReference; fileEncoding = 4; lastKnownFileType = sourcecode.c.h; path = AlbumsViewController.h; sourceTree = "<group>"; };
		9E7E06071A39D4E20052BCEA /* AlbumsViewController.m */ = {isa = PBXFileReference; fileEncoding = 4; lastKnownFileType = sourcecode.c.objc; path = AlbumsViewController.m; sourceTree = "<group>"; };
		9E7E06091A39DAB10052BCEA /* AlbumCell.h */ = {isa = PBXFileReference; fileEncoding = 4; lastKnownFileType = sourcecode.c.h; path = AlbumCell.h; sourceTree = "<group>"; };
		9E7E060A1A39DAB10052BCEA /* AlbumCell.m */ = {isa = PBXFileReference; fileEncoding = 4; lastKnownFileType = sourcecode.c.objc; path = AlbumCell.m; sourceTree = "<group>"; };
		9E7E060C1A39DB830052BCEA /* Album+Info.h */ = {isa = PBXFileReference; fileEncoding = 4; lastKnownFileType = sourcecode.c.h; path = "Album+Info.h"; sourceTree = "<group>"; };
		9E7E060D1A39DB830052BCEA /* Album+Info.m */ = {isa = PBXFileReference; fileEncoding = 4; lastKnownFileType = sourcecode.c.objc; path = "Album+Info.m"; sourceTree = "<group>"; };
		9E8C64561A41E5B500169DA6 /* Gem.h */ = {isa = PBXFileReference; fileEncoding = 4; lastKnownFileType = sourcecode.c.h; path = Gem.h; sourceTree = "<group>"; };
		9E8C64571A41E5B500169DA6 /* Gem.m */ = {isa = PBXFileReference; fileEncoding = 4; lastKnownFileType = sourcecode.c.objc; path = Gem.m; sourceTree = "<group>"; };
		9E92A0AB1A45184600D7C42B /* LSCollectionViewHelper.h */ = {isa = PBXFileReference; fileEncoding = 4; lastKnownFileType = sourcecode.c.h; path = LSCollectionViewHelper.h; sourceTree = "<group>"; };
		9E92A0AC1A45184600D7C42B /* LSCollectionViewHelper.m */ = {isa = PBXFileReference; fileEncoding = 4; lastKnownFileType = sourcecode.c.objc; path = LSCollectionViewHelper.m; sourceTree = "<group>"; };
		9E92A0AD1A45184600D7C42B /* LSCollectionViewLayoutHelper.h */ = {isa = PBXFileReference; fileEncoding = 4; lastKnownFileType = sourcecode.c.h; path = LSCollectionViewLayoutHelper.h; sourceTree = "<group>"; };
		9E92A0AE1A45184600D7C42B /* LSCollectionViewLayoutHelper.m */ = {isa = PBXFileReference; fileEncoding = 4; lastKnownFileType = sourcecode.c.objc; path = LSCollectionViewLayoutHelper.m; sourceTree = "<group>"; };
		9E92A0B11A45184D00D7C42B /* DraggableCollectionViewFlowLayout.h */ = {isa = PBXFileReference; fileEncoding = 4; lastKnownFileType = sourcecode.c.h; path = DraggableCollectionViewFlowLayout.h; sourceTree = "<group>"; };
		9E92A0B21A45184D00D7C42B /* DraggableCollectionViewFlowLayout.m */ = {isa = PBXFileReference; fileEncoding = 4; lastKnownFileType = sourcecode.c.objc; path = DraggableCollectionViewFlowLayout.m; sourceTree = "<group>"; };
		9E92A0B41A45193300D7C42B /* UICollectionView+Draggable.h */ = {isa = PBXFileReference; fileEncoding = 4; lastKnownFileType = sourcecode.c.h; path = "UICollectionView+Draggable.h"; sourceTree = "<group>"; };
		9E92A0B51A45193300D7C42B /* UICollectionView+Draggable.m */ = {isa = PBXFileReference; fileEncoding = 4; lastKnownFileType = sourcecode.c.objc; path = "UICollectionView+Draggable.m"; sourceTree = "<group>"; };
		9E92A0B61A45193300D7C42B /* UICollectionViewDataSource_Draggable.h */ = {isa = PBXFileReference; fileEncoding = 4; lastKnownFileType = sourcecode.c.h; path = UICollectionViewDataSource_Draggable.h; sourceTree = "<group>"; };
		9E92A0B71A45193300D7C42B /* UICollectionViewLayout_Warpable.h */ = {isa = PBXFileReference; fileEncoding = 4; lastKnownFileType = sourcecode.c.h; path = UICollectionViewLayout_Warpable.h; sourceTree = "<group>"; };
		9E92A0B91A451DA700D7C42B /* GemBoxViewController.h */ = {isa = PBXFileReference; fileEncoding = 4; lastKnownFileType = sourcecode.c.h; path = GemBoxViewController.h; sourceTree = "<group>"; };
		9E92A0BA1A451DA700D7C42B /* GemBoxViewController.m */ = {isa = PBXFileReference; fileEncoding = 4; lastKnownFileType = sourcecode.c.objc; path = GemBoxViewController.m; sourceTree = "<group>"; };
		9E9B4FD61A421CC400E89A60 /* Album+Validation.h */ = {isa = PBXFileReference; fileEncoding = 4; lastKnownFileType = sourcecode.c.h; path = "Album+Validation.h"; sourceTree = "<group>"; };
		9E9B4FD71A421CC400E89A60 /* Album+Validation.m */ = {isa = PBXFileReference; fileEncoding = 4; lastKnownFileType = sourcecode.c.objc; path = "Album+Validation.m"; sourceTree = "<group>"; };
		9E9B4FDC1A421E8B00E89A60 /* Album.h */ = {isa = PBXFileReference; fileEncoding = 4; lastKnownFileType = sourcecode.c.h; path = Album.h; sourceTree = "<group>"; };
		9E9B4FDD1A421E8B00E89A60 /* Album.m */ = {isa = PBXFileReference; fileEncoding = 4; lastKnownFileType = sourcecode.c.objc; path = Album.m; sourceTree = "<group>"; };
		9EBA18BE1A3F640000B0C48F /* AlbumFlowLayout.h */ = {isa = PBXFileReference; fileEncoding = 4; lastKnownFileType = sourcecode.c.h; path = AlbumFlowLayout.h; sourceTree = "<group>"; };
		9EBA18BF1A3F640000B0C48F /* AlbumFlowLayout.m */ = {isa = PBXFileReference; fileEncoding = 4; lastKnownFileType = sourcecode.c.objc; path = AlbumFlowLayout.m; sourceTree = "<group>"; };
		9EBA18C11A41429D00B0C48F /* GemDetailCollectionViewController.h */ = {isa = PBXFileReference; fileEncoding = 4; lastKnownFileType = sourcecode.c.h; path = GemDetailCollectionViewController.h; sourceTree = "<group>"; };
		9EBA18C21A41429D00B0C48F /* GemDetailCollectionViewController.m */ = {isa = PBXFileReference; fileEncoding = 4; lastKnownFileType = sourcecode.c.objc; path = GemDetailCollectionViewController.m; sourceTree = "<group>"; };
		9EBA18C41A41435700B0C48F /* GemDetailCell.h */ = {isa = PBXFileReference; fileEncoding = 4; lastKnownFileType = sourcecode.c.h; path = GemDetailCell.h; sourceTree = "<group>"; };
		9EBA18C51A41435700B0C48F /* GemDetailCell.m */ = {isa = PBXFileReference; fileEncoding = 4; lastKnownFileType = sourcecode.c.objc; path = GemDetailCell.m; sourceTree = "<group>"; };
		9EBEB86C1A38B06C0092D463 /* BackgroundHelper.h */ = {isa = PBXFileReference; fileEncoding = 4; lastKnownFileType = sourcecode.c.h; path = BackgroundHelper.h; sourceTree = "<group>"; };
		9EBEB86D1A38B06C0092D463 /* BackgroundHelper.m */ = {isa = PBXFileReference; fileEncoding = 4; lastKnownFileType = sourcecode.c.objc; path = BackgroundHelper.m; sourceTree = "<group>"; };
		9ECFA6191A2947110049BB5E /* GemFullCell.h */ = {isa = PBXFileReference; fileEncoding = 4; lastKnownFileType = sourcecode.c.h; path = GemFullCell.h; sourceTree = "<group>"; };
		9ECFA61A1A2947110049BB5E /* GemFullCell.m */ = {isa = PBXFileReference; fileEncoding = 4; lastKnownFileType = sourcecode.c.objc; path = GemFullCell.m; sourceTree = "<group>"; };
		9ECFA61E1A2948920049BB5E /* GemFullPhotoCell.h */ = {isa = PBXFileReference; fileEncoding = 4; lastKnownFileType = sourcecode.c.h; path = GemFullPhotoCell.h; sourceTree = "<group>"; };
		9ECFA61F1A2948920049BB5E /* GemFullPhotoCell.m */ = {isa = PBXFileReference; fileEncoding = 4; lastKnownFileType = sourcecode.c.objc; path = GemFullPhotoCell.m; sourceTree = "<group>"; };
		9ED638F31A12610800D1F62C /* Parse.framework */ = {isa = PBXFileReference; lastKnownFileType = wrapper.framework; name = Parse.framework; path = BabyGems/Parse.framework; sourceTree = "<group>"; };
		9ED638F81A12613500D1F62C /* BabyGems-Info.plist */ = {isa = PBXFileReference; fileEncoding = 4; lastKnownFileType = text.plist.xml; path = "BabyGems-Info.plist"; sourceTree = "<group>"; };
		9ED638F91A12613500D1F62C /* BabyGems-Prefix.pch */ = {isa = PBXFileReference; fileEncoding = 4; lastKnownFileType = sourcecode.c.h; path = "BabyGems-Prefix.pch"; sourceTree = "<group>"; };
		9EDA284D1A1863C100A5AD06 /* InitialViewController.h */ = {isa = PBXFileReference; fileEncoding = 4; lastKnownFileType = sourcecode.c.h; path = InitialViewController.h; sourceTree = "<group>"; };
		9EDA284E1A1863C100A5AD06 /* InitialViewController.m */ = {isa = PBXFileReference; fileEncoding = 4; lastKnownFileType = sourcecode.c.objc; path = InitialViewController.m; sourceTree = "<group>"; };
		9EDF42541A12673600ABC447 /* Main.storyboard */ = {isa = PBXFileReference; fileEncoding = 4; lastKnownFileType = file.storyboard; path = Main.storyboard; sourceTree = "<group>"; };
		9EDF42561A12686300ABC447 /* NewGemViewController.h */ = {isa = PBXFileReference; fileEncoding = 4; lastKnownFileType = sourcecode.c.h; path = NewGemViewController.h; sourceTree = "<group>"; };
		9EDF42571A12686300ABC447 /* NewGemViewController.m */ = {isa = PBXFileReference; fileEncoding = 4; lastKnownFileType = sourcecode.c.objc; path = NewGemViewController.m; sourceTree = "<group>"; };
		9EE0200C1A2617210028FFBC /* CameraViewController.h */ = {isa = PBXFileReference; fileEncoding = 4; lastKnownFileType = sourcecode.c.h; path = CameraViewController.h; sourceTree = "<group>"; };
		9EE0200D1A2617210028FFBC /* CameraViewController.m */ = {isa = PBXFileReference; fileEncoding = 4; lastKnownFileType = sourcecode.c.objc; path = CameraViewController.m; sourceTree = "<group>"; };
		ACE629DC3122C6FA7A78A5CE /* Pods.debug.xcconfig */ = {isa = PBXFileReference; includeInIndex = 1; lastKnownFileType = text.xcconfig; name = Pods.debug.xcconfig; path = "Pods/Target Support Files/Pods/Pods.debug.xcconfig"; sourceTree = "<group>"; };
/* End PBXFileReference section */

/* Begin PBXFrameworksBuildPhase section */
		9E79B7EB196435AA00559838 /* Frameworks */ = {
			isa = PBXFrameworksBuildPhase;
			buildActionMask = 2147483647;
			files = (
				9E06FCF51A2D0F3F00FE18CD /* MessageUI.framework in Frameworks */,
				9E79B86A19643B0A00559838 /* MobileCoreServices.framework in Frameworks */,
				9E7A8D231A23B679009FD39F /* FacebookSDK.framework in Frameworks */,
				9E79B86619643AFE00559838 /* CoreLocation.framework in Frameworks */,
				9E7A89731A23B3C4009FD39F /* Crashlytics.framework in Frameworks */,
				9E79B87219643B2100559838 /* SystemConfiguration.framework in Frameworks */,
				9E79B87019643B1900559838 /* StoreKit.framework in Frameworks */,
				9E79B86E19643B1600559838 /* Security.framework in Frameworks */,
				9ED638F61A12610800D1F62C /* Parse.framework in Frameworks */,
				9E79B86C19643B1100559838 /* QuartzCore.framework in Frameworks */,
				9E79B86819643B0300559838 /* libz.dylib in Frameworks */,
				9E79B86419643AF900559838 /* CFNetwork.framework in Frameworks */,
				9E7A89751A23B3F1009FD39F /* Fabric.framework in Frameworks */,
				9E7A895E1A23632A009FD39F /* Crashlytics.framework in Frameworks */,
				9E79B86219643AF200559838 /* AudioToolbox.framework in Frameworks */,
				9E79B7F4196435AA00559838 /* CoreGraphics.framework in Frameworks */,
				9E79B7F6196435AA00559838 /* UIKit.framework in Frameworks */,
				9E79B7F2196435AA00559838 /* Foundation.framework in Frameworks */,
				9E06FCF71A2D0F6300FE18CD /* ParseFacebookUtils.framework in Frameworks */,
				F37DA4307F13E94AF0851425 /* libPods.a in Frameworks */,
			);
			runOnlyForDeploymentPostprocessing = 0;
		};
		9E79B80C196435AA00559838 /* Frameworks */ = {
			isa = PBXFrameworksBuildPhase;
			buildActionMask = 2147483647;
			files = (
				9E79B813196435AA00559838 /* UIKit.framework in Frameworks */,
				9E79B812196435AA00559838 /* Foundation.framework in Frameworks */,
			);
			runOnlyForDeploymentPostprocessing = 0;
		};
/* End PBXFrameworksBuildPhase section */

/* Begin PBXGroup section */
		33B34C8E8D99B2AF46142B13 /* Pods */ = {
			isa = PBXGroup;
			children = (
				ACE629DC3122C6FA7A78A5CE /* Pods.debug.xcconfig */,
				49A046803F881D9CFFB18B27 /* Pods.release.xcconfig */,
			);
			name = Pods;
			sourceTree = "<group>";
		};
		9E11BB791A1260CB0001090B /* BabyGems */ = {
			isa = PBXGroup;
			children = (
				9E59DB741A18252F00ABCAEA /* Core Data */,
				9E59DB951A18397D00ABCAEA /* Constants.h */,
				9E11BB7A1A1260CB0001090B /* AppDelegate.h */,
				9E11BB7B1A1260CB0001090B /* AppDelegate.m */,
				9EDF42541A12673600ABC447 /* Main.storyboard */,
				9EDA284D1A1863C100A5AD06 /* InitialViewController.h */,
				9EDA284E1A1863C100A5AD06 /* InitialViewController.m */,
				9EDF42511A1264F900ABC447 /* Login and Signup */,
				9E7E06051A39D4C30052BCEA /* Albums */,
				9E59DB8E1A182F6800ABCAEA /* GemBox */,
				9EDF42591A126D1200ABC447 /* Gem Creation */,
				9ED3EF561A27E899003A4578 /* Gem Detail */,
				9E11BB901A1260CB0001090B /* Utils */,
				9EDF42521A12651300ABC447 /* Resources */,
			);
			path = BabyGems;
			sourceTree = "<group>";
		};
		9E11BB901A1260CB0001090B /* Utils */ = {
			isa = PBXGroup;
			children = (
				9E11BB911A1260CB0001090B /* ALAssetsLibrary+CustomPhotoAlbum.h */,
				9E11BB921A1260CB0001090B /* ALAssetsLibrary+CustomPhotoAlbum.m */,
				9E11BB931A1260CB0001090B /* MKAdditions */,
				9E11BB9B1A1260CB0001090B /* NSManagedObject+Entity.h */,
				9E11BB9C1A1260CB0001090B /* NSManagedObject+Entity.m */,
				9E11BB9D1A1260CB0001090B /* NSManagedObject+Query.h */,
				9E11BB9E1A1260CB0001090B /* NSManagedObject+Query.m */,
				9E11BB9F1A1260CB0001090B /* NSObject+Notify.h */,
				9E11BBA01A1260CB0001090B /* NSObject+Notify.m */,
				9E11BBA11A1260CB0001090B /* Query.h */,
				9E11BBA21A1260CB0001090B /* Query.m */,
				9E11BBA31A1260CB0001090B /* UIImage+Alpha.h */,
				9E11BBA41A1260CB0001090B /* UIImage+Alpha.m */,
				9E11BBA51A1260CB0001090B /* UIImage+Resize.h */,
				9E11BBA61A1260CB0001090B /* UIImage+Resize.m */,
				9E11BBA71A1260CB0001090B /* UIImage+RoundedCorner.h */,
				9E11BBA81A1260CB0001090B /* UIImage+RoundedCorner.m */,
				9E11BBA91A1260CB0001090B /* Util.h */,
				9E11BBAA1A1260CB0001090B /* Util.m */,
			);
			path = Utils;
			sourceTree = "<group>";
		};
		9E11BB931A1260CB0001090B /* MKAdditions */ = {
			isa = PBXGroup;
			children = (
				9E11BB941A1260CB0001090B /* MKBlockAdditions.h */,
				9E11BB951A1260CB0001090B /* NSObject+MKBlockAdditions.h */,
				9E11BB961A1260CB0001090B /* NSObject+MKBlockAdditions.m */,
				9E11BB971A1260CB0001090B /* UIActionSheet+MKBlockAdditions.h */,
				9E11BB981A1260CB0001090B /* UIActionSheet+MKBlockAdditions.m */,
				9E11BB991A1260CB0001090B /* UIAlertView+MKBlockAdditions.h */,
				9E11BB9A1A1260CB0001090B /* UIAlertView+MKBlockAdditions.m */,
			);
			path = MKAdditions;
			sourceTree = "<group>";
		};
		9E59DB741A18252F00ABCAEA /* Core Data */ = {
			isa = PBXGroup;
			children = (
				9E59DB751A18253C00ABCAEA /* Model.xcdatamodeld */,
				9E9B4FDC1A421E8B00E89A60 /* Album.h */,
				9E9B4FDD1A421E8B00E89A60 /* Album.m */,
				9E8C64561A41E5B500169DA6 /* Gem.h */,
				9E8C64571A41E5B500169DA6 /* Gem.m */,
				9E59DB7F1A1825FF00ABCAEA /* ParseBase.h */,
				9E59DB801A1825FF00ABCAEA /* ParseBase.m */,
				9E59DB781A1825F200ABCAEA /* ParseBase+Parse.h */,
				9E59DB791A1825F200ABCAEA /* ParseBase+Parse.m */,
				9E59DB821A18266500ABCAEA /* Gem+Parse.h */,
				9E59DB831A18266500ABCAEA /* Gem+Parse.m */,
				9E7E05FF1A39C7040052BCEA /* Album+Parse.h */,
				9E7E06001A39C7040052BCEA /* Album+Parse.m */,
				9E59DB7A1A1825F200ABCAEA /* PFObjectFactory.h */,
				9E7A89651A237B22009FD39F /* Gem+Info.h */,
				9E7A89661A237B22009FD39F /* Gem+Info.m */,
				9E7E060C1A39DB830052BCEA /* Album+Info.h */,
				9E7E060D1A39DB830052BCEA /* Album+Info.m */,
				9E9B4FD61A421CC400E89A60 /* Album+Validation.h */,
				9E9B4FD71A421CC400E89A60 /* Album+Validation.m */,
			);
			name = "Core Data";
			sourceTree = "<group>";
		};
		9E59DB8E1A182F6800ABCAEA /* GemBox */ = {
			isa = PBXGroup;
			children = (
				9E92A0AA1A45183700D7C42B /* Layout */,
				9ECFA61C1A2948770049BB5E /* Cells */,
				9E92A0B91A451DA700D7C42B /* GemBoxViewController.h */,
				9E92A0BA1A451DA700D7C42B /* GemBoxViewController.m */,
			);
			name = GemBox;
			sourceTree = "<group>";
		};
		9E79B7E5196435AA00559838 = {
			isa = PBXGroup;
			children = (
				9E7A89741A23B3F1009FD39F /* Fabric.framework */,
				9E7A89721A23B3C4009FD39F /* Crashlytics.framework */,
				9E11BB791A1260CB0001090B /* BabyGems */,
				9E79B7F0196435AA00559838 /* Frameworks */,
				9E79B7EF196435AA00559838 /* Products */,
				33B34C8E8D99B2AF46142B13 /* Pods */,
			);
			sourceTree = "<group>";
		};
		9E79B7EF196435AA00559838 /* Products */ = {
			isa = PBXGroup;
			children = (
				9E79B7EE196435AA00559838 /* BabyGems.app */,
				9E79B80F196435AA00559838 /* Tests.xctest */,
			);
			name = Products;
			sourceTree = "<group>";
		};
		9E79B7F0196435AA00559838 /* Frameworks */ = {
			isa = PBXGroup;
			children = (
				9E06FCF61A2D0F6300FE18CD /* ParseFacebookUtils.framework */,
				9E06FCF41A2D0F3F00FE18CD /* MessageUI.framework */,
				9E7A8D211A23B679009FD39F /* FacebookSDK.framework */,
				9E7A895D1A23632A009FD39F /* Crashlytics.framework */,
				9ED638F31A12610800D1F62C /* Parse.framework */,
				9E79B87119643B2100559838 /* SystemConfiguration.framework */,
				9E79B86F19643B1900559838 /* StoreKit.framework */,
				9E79B86D19643B1600559838 /* Security.framework */,
				9E79B86B19643B1100559838 /* QuartzCore.framework */,
				9E79B86919643B0A00559838 /* MobileCoreServices.framework */,
				9E79B86719643B0300559838 /* libz.dylib */,
				9E79B86519643AFE00559838 /* CoreLocation.framework */,
				9E79B86319643AF900559838 /* CFNetwork.framework */,
				9E79B86119643AF200559838 /* AudioToolbox.framework */,
				9E79B7F1196435AA00559838 /* Foundation.framework */,
				9E79B7F3196435AA00559838 /* CoreGraphics.framework */,
				9E79B7F5196435AA00559838 /* UIKit.framework */,
				997E5C0758E8BFD3DADD6D97 /* libPods.a */,
			);
			name = Frameworks;
			sourceTree = "<group>";
		};
		9E7E06051A39D4C30052BCEA /* Albums */ = {
			isa = PBXGroup;
			children = (
				9E7E06061A39D4E20052BCEA /* AlbumsViewController.h */,
				9E7E06071A39D4E20052BCEA /* AlbumsViewController.m */,
				9EBA18BE1A3F640000B0C48F /* AlbumFlowLayout.h */,
				9EBA18BF1A3F640000B0C48F /* AlbumFlowLayout.m */,
				9E7E06091A39DAB10052BCEA /* AlbumCell.h */,
				9E7E060A1A39DAB10052BCEA /* AlbumCell.m */,
			);
			name = Albums;
			sourceTree = "<group>";
		};
		9E92A0AA1A45183700D7C42B /* Layout */ = {
			isa = PBXGroup;
			children = (
				9E92A0B41A45193300D7C42B /* UICollectionView+Draggable.h */,
				9E92A0B51A45193300D7C42B /* UICollectionView+Draggable.m */,
				9E92A0B61A45193300D7C42B /* UICollectionViewDataSource_Draggable.h */,
				9E92A0B71A45193300D7C42B /* UICollectionViewLayout_Warpable.h */,
				9E92A0B11A45184D00D7C42B /* DraggableCollectionViewFlowLayout.h */,
				9E92A0B21A45184D00D7C42B /* DraggableCollectionViewFlowLayout.m */,
				9E92A0AB1A45184600D7C42B /* LSCollectionViewHelper.h */,
				9E92A0AC1A45184600D7C42B /* LSCollectionViewHelper.m */,
				9E92A0AD1A45184600D7C42B /* LSCollectionViewLayoutHelper.h */,
				9E92A0AE1A45184600D7C42B /* LSCollectionViewLayoutHelper.m */,
			);
			name = Layout;
			sourceTree = "<group>";
		};
		9ECFA61C1A2948770049BB5E /* Cells */ = {
			isa = PBXGroup;
			children = (
				9E59DB921A1835E100ABCAEA /* GemCell.h */,
				9E59DB931A1835E100ABCAEA /* GemCell.m */,
				9E7A895F1A236804009FD39F /* GemPhotoCell.h */,
				9E7A89601A236804009FD39F /* GemPhotoCell.m */,
				9ECFA6191A2947110049BB5E /* GemFullCell.h */,
				9ECFA61A1A2947110049BB5E /* GemFullCell.m */,
				9ECFA61E1A2948920049BB5E /* GemFullPhotoCell.h */,
				9ECFA61F1A2948920049BB5E /* GemFullPhotoCell.m */,
			);
			name = Cells;
			sourceTree = "<group>";
		};
		9ED3EF561A27E899003A4578 /* Gem Detail */ = {
			isa = PBXGroup;
			children = (
				9EBA18C11A41429D00B0C48F /* GemDetailCollectionViewController.h */,
				9EBA18C21A41429D00B0C48F /* GemDetailCollectionViewController.m */,
				9E56B70C1A41481900A7227B /* GemDetailProtocol.h */,
				9EBA18C41A41435700B0C48F /* GemDetailCell.h */,
				9EBA18C51A41435700B0C48F /* GemDetailCell.m */,
			);
			name = "Gem Detail";
			sourceTree = "<group>";
		};
		9EDF42511A1264F900ABC447 /* Login and Signup */ = {
			isa = PBXGroup;
			children = (
				9E11BB7C1A1260CB0001090B /* LoginSignup.storyboard */,
				9E11BB8E1A1260CB0001090B /* SignupViewController.h */,
				9E11BB8F1A1260CB0001090B /* SignupViewController.m */,
				9E11BB841A1260CB0001090B /* LoginViewController.h */,
				9E11BB851A1260CB0001090B /* LoginViewController.m */,
				9E1833851A13A3A600732A3D /* FacebookHelper.h */,
				9E1833861A13A3A600732A3D /* FacebookHelper.m */,
			);
			name = "Login and Signup";
			sourceTree = "<group>";
		};
		9EDF42521A12651300ABC447 /* Resources */ = {
			isa = PBXGroup;
			children = (
				9E11BB811A1260CB0001090B /* InfoPlist.strings */,
				9ED638F81A12613500D1F62C /* BabyGems-Info.plist */,
				9ED638F91A12613500D1F62C /* BabyGems-Prefix.pch */,
				9E11BB831A1260CB0001090B /* Images.xcassets */,
				9E11BB861A1260CB0001090B /* main.m */,
				9E1833831A139FAD00732A3D /* LaunchScreen.xib */,
			);
			name = Resources;
			sourceTree = "<group>";
		};
		9EDF42591A126D1200ABC447 /* Gem Creation */ = {
			isa = PBXGroup;
			children = (
				9EBEB86C1A38B06C0092D463 /* BackgroundHelper.h */,
				9EBEB86D1A38B06C0092D463 /* BackgroundHelper.m */,
				9EDF42561A12686300ABC447 /* NewGemViewController.h */,
				9EDF42571A12686300ABC447 /* NewGemViewController.m */,
				9EE0200C1A2617210028FFBC /* CameraViewController.h */,
				9EE0200D1A2617210028FFBC /* CameraViewController.m */,
			);
			name = "Gem Creation";
			sourceTree = "<group>";
		};
/* End PBXGroup section */

/* Begin PBXNativeTarget section */
		9E79B7ED196435AA00559838 /* BabyGems */ = {
			isa = PBXNativeTarget;
			buildConfigurationList = 9E79B820196435AA00559838 /* Build configuration list for PBXNativeTarget "BabyGems" */;
			buildPhases = (
				CDD9912235B52B0A027611A7 /* Check Pods Manifest.lock */,
				9E79B7EA196435AA00559838 /* Sources */,
				9E79B7EB196435AA00559838 /* Frameworks */,
				9E79B7EC196435AA00559838 /* Resources */,
				B16394AD56F6C1326255069C /* Copy Pods Resources */,
				9E7A895C1A236298009FD39F /* ShellScript */,
			);
			buildRules = (
			);
			dependencies = (
			);
			name = BabyGems;
			productName = SEVEN;
			productReference = 9E79B7EE196435AA00559838 /* BabyGems.app */;
			productType = "com.apple.product-type.application";
		};
		9E79B80E196435AA00559838 /* BabyGemsTests */ = {
			isa = PBXNativeTarget;
			buildConfigurationList = 9E79B823196435AA00559838 /* Build configuration list for PBXNativeTarget "BabyGemsTests" */;
			buildPhases = (
				9E79B80B196435AA00559838 /* Sources */,
				9E79B80C196435AA00559838 /* Frameworks */,
				9E79B80D196435AA00559838 /* Resources */,
			);
			buildRules = (
			);
			dependencies = (
				9E79B815196435AA00559838 /* PBXTargetDependency */,
			);
			name = BabyGemsTests;
			productName = SEVENTests;
			productReference = 9E79B80F196435AA00559838 /* Tests.xctest */;
			productType = "com.apple.product-type.bundle.unit-test";
		};
/* End PBXNativeTarget section */

/* Begin PBXProject section */
		9E79B7E6196435AA00559838 /* Project object */ = {
			isa = PBXProject;
			attributes = {
				LastUpgradeCheck = 0610;
				ORGANIZATIONNAME = BobbyRenTech;
				TargetAttributes = {
					9E79B7ED196435AA00559838 = {
						DevelopmentTeam = H799H8B8DD;
					};
					9E79B80E196435AA00559838 = {
						TestTargetID = 9E79B7ED196435AA00559838;
					};
				};
			};
			buildConfigurationList = 9E79B7E9196435AA00559838 /* Build configuration list for PBXProject "BabyGems" */;
			compatibilityVersion = "Xcode 3.2";
			developmentRegion = English;
			hasScannedForEncodings = 0;
			knownRegions = (
				en,
				Base,
				he,
			);
			mainGroup = 9E79B7E5196435AA00559838;
			productRefGroup = 9E79B7EF196435AA00559838 /* Products */;
			projectDirPath = "";
			projectRoot = "";
			targets = (
				9E79B7ED196435AA00559838 /* BabyGems */,
				9E79B80E196435AA00559838 /* BabyGemsTests */,
			);
		};
/* End PBXProject section */

/* Begin PBXResourcesBuildPhase section */
		9E79B7EC196435AA00559838 /* Resources */ = {
			isa = PBXResourcesBuildPhase;
			buildActionMask = 2147483647;
			files = (
				9ED638FB1A1261CF00D1F62C /* LoginSignup.storyboard in Resources */,
				9EDF42551A12673600ABC447 /* Main.storyboard in Resources */,
				9E11BBB11A1260CB0001090B /* InfoPlist.strings in Resources */,
				9E11BBB21A1260CB0001090B /* Images.xcassets in Resources */,
				9E1833841A139FAD00732A3D /* LaunchScreen.xib in Resources */,
				9ED638FA1A12613500D1F62C /* BabyGems-Info.plist in Resources */,
			);
			runOnlyForDeploymentPostprocessing = 0;
		};
		9E79B80D196435AA00559838 /* Resources */ = {
			isa = PBXResourcesBuildPhase;
			buildActionMask = 2147483647;
			files = (
			);
			runOnlyForDeploymentPostprocessing = 0;
		};
/* End PBXResourcesBuildPhase section */

/* Begin PBXShellScriptBuildPhase section */
		9E7A895C1A236298009FD39F /* ShellScript */ = {
			isa = PBXShellScriptBuildPhase;
			buildActionMask = 2147483647;
			files = (
			);
			inputPaths = (
			);
			outputPaths = (
			);
			runOnlyForDeploymentPostprocessing = 0;
			shellPath = /bin/sh;
			shellScript = "./Fabric.framework/run 70160b7dec925a91c6fe09e38bf1f8659c1eda41 0fa711cea5cca0c6a4b57c1a8955f0518514bfdd7a9e6f28b3eca2c60d905a9c";
		};
		B16394AD56F6C1326255069C /* Copy Pods Resources */ = {
			isa = PBXShellScriptBuildPhase;
			buildActionMask = 2147483647;
			files = (
			);
			inputPaths = (
			);
			name = "Copy Pods Resources";
			outputPaths = (
			);
			runOnlyForDeploymentPostprocessing = 0;
			shellPath = /bin/sh;
			shellScript = "\"${SRCROOT}/Pods/Target Support Files/Pods/Pods-resources.sh\"\n";
			showEnvVarsInLog = 0;
		};
		CDD9912235B52B0A027611A7 /* Check Pods Manifest.lock */ = {
			isa = PBXShellScriptBuildPhase;
			buildActionMask = 2147483647;
			files = (
			);
			inputPaths = (
			);
			name = "Check Pods Manifest.lock";
			outputPaths = (
			);
			runOnlyForDeploymentPostprocessing = 0;
			shellPath = /bin/sh;
			shellScript = "diff \"${PODS_ROOT}/../Podfile.lock\" \"${PODS_ROOT}/Manifest.lock\" > /dev/null\nif [[ $? != 0 ]] ; then\n    cat << EOM\nerror: The sandbox is not in sync with the Podfile.lock. Run 'pod install' or update your CocoaPods installation.\nEOM\n    exit 1\nfi\n";
			showEnvVarsInLog = 0;
		};
/* End PBXShellScriptBuildPhase section */

/* Begin PBXSourcesBuildPhase section */
		9E79B7EA196435AA00559838 /* Sources */ = {
			isa = PBXSourcesBuildPhase;
			buildActionMask = 2147483647;
			files = (
				9E11BBBB1A1260CB0001090B /* NSObject+MKBlockAdditions.m in Sources */,
				9EBA18C61A41435700B0C48F /* GemDetailCell.m in Sources */,
				9E7E060E1A39DB830052BCEA /* Album+Info.m in Sources */,
				9E11BBC21A1260CB0001090B /* UIImage+Alpha.m in Sources */,
				9ECFA6201A2948920049BB5E /* GemFullPhotoCell.m in Sources */,
				9E92A0AF1A45184600D7C42B /* LSCollectionViewHelper.m in Sources */,
				9E11BBBF1A1260CB0001090B /* NSManagedObject+Query.m in Sources */,
				9E11BBC11A1260CB0001090B /* Query.m in Sources */,
				9E9B4FD81A421CC400E89A60 /* Album+Validation.m in Sources */,
				9E7A89671A237B22009FD39F /* Gem+Info.m in Sources */,
				9E7E060B1A39DAB10052BCEA /* AlbumCell.m in Sources */,
				9E11BBBE1A1260CB0001090B /* NSManagedObject+Entity.m in Sources */,
				9E59DB841A18266500ABCAEA /* Gem+Parse.m in Sources */,
				9EBEB86E1A38B06C0092D463 /* BackgroundHelper.m in Sources */,
				9E11BBC01A1260CB0001090B /* NSObject+Notify.m in Sources */,
				9E11BBAD1A1260CB0001090B /* AppDelegate.m in Sources */,
				9EDF42581A12686300ABC447 /* NewGemViewController.m in Sources */,
				9E11BBBD1A1260CB0001090B /* UIAlertView+MKBlockAdditions.m in Sources */,
				9E7A89611A236804009FD39F /* GemPhotoCell.m in Sources */,
				9E92A0BB1A451DA700D7C42B /* GemBoxViewController.m in Sources */,
				9E8C64581A41E5B500169DA6 /* Gem.m in Sources */,
				9E59DB941A1835E100ABCAEA /* GemCell.m in Sources */,
				9E1833871A13A3A600732A3D /* FacebookHelper.m in Sources */,
				9E11BBBA1A1260CB0001090B /* ALAssetsLibrary+CustomPhotoAlbum.m in Sources */,
				9E92A0B01A45184600D7C42B /* LSCollectionViewLayoutHelper.m in Sources */,
				9EDA284F1A1863C100A5AD06 /* InitialViewController.m in Sources */,
				9E11BBB31A1260CB0001090B /* LoginViewController.m in Sources */,
				9E59DB7B1A1825F200ABCAEA /* ParseBase+Parse.m in Sources */,
				9E92A0B31A45184D00D7C42B /* DraggableCollectionViewFlowLayout.m in Sources */,
				9EBA18C01A3F640000B0C48F /* AlbumFlowLayout.m in Sources */,
				9E11BBC51A1260CB0001090B /* Util.m in Sources */,
				9E92A0B81A45193300D7C42B /* UICollectionView+Draggable.m in Sources */,
				9E7E06081A39D4E20052BCEA /* AlbumsViewController.m in Sources */,
				9E59DB811A1825FF00ABCAEA /* ParseBase.m in Sources */,
				9EBA18C31A41429D00B0C48F /* GemDetailCollectionViewController.m in Sources */,
				9E11BBB91A1260CB0001090B /* SignupViewController.m in Sources */,
				9E11BBC41A1260CB0001090B /* UIImage+RoundedCorner.m in Sources */,
				9E9B4FDE1A421E8B00E89A60 /* Album.m in Sources */,
				9E11BBBC1A1260CB0001090B /* UIActionSheet+MKBlockAdditions.m in Sources */,
				9E7E06011A39C7040052BCEA /* Album+Parse.m in Sources */,
				9ECFA61B1A2947110049BB5E /* GemFullCell.m in Sources */,
				9E11BBB41A1260CB0001090B /* main.m in Sources */,
				9E59DB771A18253C00ABCAEA /* Model.xcdatamodeld in Sources */,
				9EE0200E1A2617210028FFBC /* CameraViewController.m in Sources */,
				9E11BBC31A1260CB0001090B /* UIImage+Resize.m in Sources */,
			);
			runOnlyForDeploymentPostprocessing = 0;
		};
		9E79B80B196435AA00559838 /* Sources */ = {
			isa = PBXSourcesBuildPhase;
			buildActionMask = 2147483647;
			files = (
			);
			runOnlyForDeploymentPostprocessing = 0;
		};
/* End PBXSourcesBuildPhase section */

/* Begin PBXTargetDependency section */
		9E79B815196435AA00559838 /* PBXTargetDependency */ = {
			isa = PBXTargetDependency;
			target = 9E79B7ED196435AA00559838 /* BabyGems */;
			targetProxy = 9E79B814196435AA00559838 /* PBXContainerItemProxy */;
		};
/* End PBXTargetDependency section */

/* Begin PBXVariantGroup section */
		9E11BB7C1A1260CB0001090B /* LoginSignup.storyboard */ = {
			isa = PBXVariantGroup;
			children = (
				9E11BB7D1A1260CB0001090B /* Base */,
			);
			name = LoginSignup.storyboard;
			sourceTree = "<group>";
		};
		9E11BB811A1260CB0001090B /* InfoPlist.strings */ = {
			isa = PBXVariantGroup;
			children = (
				9E11BB821A1260CB0001090B /* en */,
			);
			name = InfoPlist.strings;
			sourceTree = "<group>";
		};
/* End PBXVariantGroup section */

/* Begin XCBuildConfiguration section */
		9E79B81E196435AA00559838 /* Debug */ = {
			isa = XCBuildConfiguration;
			buildSettings = {
				ALWAYS_SEARCH_USER_PATHS = NO;
				CLANG_CXX_LANGUAGE_STANDARD = "gnu++0x";
				CLANG_CXX_LIBRARY = "libc++";
				CLANG_ENABLE_MODULES = YES;
				CLANG_ENABLE_OBJC_ARC = YES;
				CLANG_WARN_BOOL_CONVERSION = YES;
				CLANG_WARN_CONSTANT_CONVERSION = YES;
				CLANG_WARN_DIRECT_OBJC_ISA_USAGE = YES_ERROR;
				CLANG_WARN_EMPTY_BODY = YES;
				CLANG_WARN_ENUM_CONVERSION = YES;
				CLANG_WARN_INT_CONVERSION = YES;
				CLANG_WARN_OBJC_ROOT_CLASS = YES_ERROR;
				CLANG_WARN__DUPLICATE_METHOD_MATCH = YES;
				"CODE_SIGN_IDENTITY[sdk=iphoneos*]" = "iPhone Developer";
				COPY_PHASE_STRIP = NO;
				GCC_C_LANGUAGE_STANDARD = gnu99;
				GCC_DYNAMIC_NO_PIC = NO;
				GCC_OPTIMIZATION_LEVEL = 0;
				GCC_PREPROCESSOR_DEFINITIONS = (
					"DEBUG=1",
					"$(inherited)",
				);
				GCC_SYMBOLS_PRIVATE_EXTERN = NO;
				GCC_WARN_64_TO_32_BIT_CONVERSION = YES;
				GCC_WARN_ABOUT_RETURN_TYPE = YES_ERROR;
				GCC_WARN_UNDECLARED_SELECTOR = YES;
				GCC_WARN_UNINITIALIZED_AUTOS = YES_AGGRESSIVE;
				GCC_WARN_UNUSED_FUNCTION = YES;
				GCC_WARN_UNUSED_VARIABLE = YES;
				IPHONEOS_DEPLOYMENT_TARGET = 7.1;
				ONLY_ACTIVE_ARCH = YES;
				SDKROOT = iphoneos;
			};
			name = Debug;
		};
		9E79B81F196435AA00559838 /* Release */ = {
			isa = XCBuildConfiguration;
			buildSettings = {
				ALWAYS_SEARCH_USER_PATHS = NO;
				CLANG_CXX_LANGUAGE_STANDARD = "gnu++0x";
				CLANG_CXX_LIBRARY = "libc++";
				CLANG_ENABLE_MODULES = YES;
				CLANG_ENABLE_OBJC_ARC = YES;
				CLANG_WARN_BOOL_CONVERSION = YES;
				CLANG_WARN_CONSTANT_CONVERSION = YES;
				CLANG_WARN_DIRECT_OBJC_ISA_USAGE = YES_ERROR;
				CLANG_WARN_EMPTY_BODY = YES;
				CLANG_WARN_ENUM_CONVERSION = YES;
				CLANG_WARN_INT_CONVERSION = YES;
				CLANG_WARN_OBJC_ROOT_CLASS = YES_ERROR;
				CLANG_WARN__DUPLICATE_METHOD_MATCH = YES;
				"CODE_SIGN_IDENTITY[sdk=iphoneos*]" = "iPhone Developer";
				COPY_PHASE_STRIP = YES;
				ENABLE_NS_ASSERTIONS = NO;
				GCC_C_LANGUAGE_STANDARD = gnu99;
				GCC_WARN_64_TO_32_BIT_CONVERSION = YES;
				GCC_WARN_ABOUT_RETURN_TYPE = YES_ERROR;
				GCC_WARN_UNDECLARED_SELECTOR = YES;
				GCC_WARN_UNINITIALIZED_AUTOS = YES_AGGRESSIVE;
				GCC_WARN_UNUSED_FUNCTION = YES;
				GCC_WARN_UNUSED_VARIABLE = YES;
				IPHONEOS_DEPLOYMENT_TARGET = 7.1;
				SDKROOT = iphoneos;
				VALIDATE_PRODUCT = YES;
			};
			name = Release;
		};
		9E79B821196435AA00559838 /* Debug */ = {
			isa = XCBuildConfiguration;
			baseConfigurationReference = ACE629DC3122C6FA7A78A5CE /* Pods.debug.xcconfig */;
			buildSettings = {
				ASSETCATALOG_COMPILER_APPICON_NAME = AppIcon;
				ASSETCATALOG_COMPILER_LAUNCHIMAGE_NAME = LaunchImage;
				CODE_SIGN_IDENTITY = "iPhone Developer: Bobby Ren (UQA7D88UV9)";
				FRAMEWORK_SEARCH_PATHS = (
					"$(inherited)",
					"$(PROJECT_DIR)/$(PRODUCT_NAME)",
					"$(PROJECT_DIR)/BabyGems",
					"$(PROJECT_DIR)/FacebookSDK",
					"$(PROJECT_DIR)/FacebookSDK/FBAudienceNetwork",
					"$(PROJECT_DIR)",
					"/Users/mitrenegade12/Downloads/parse-library-1.4.2",
				);
				GCC_PRECOMPILE_PREFIX_HEADER = YES;
				GCC_PREFIX_HEADER = "$(PRODUCT_NAME)/$(PRODUCT_NAME)-Prefix.pch";
				INFOPLIST_FILE = "$(SRCROOT)/BabyGems/BabyGems-Info.plist";
				PRODUCT_NAME = BabyGems;
				PROVISIONING_PROFILE = "6d6a2d91-2d11-4ebe-887a-6ba51ea5bf71";
				WRAPPER_EXTENSION = app;
			};
			name = Debug;
		};
		9E79B822196435AA00559838 /* Release */ = {
			isa = XCBuildConfiguration;
			baseConfigurationReference = 49A046803F881D9CFFB18B27 /* Pods.release.xcconfig */;
			buildSettings = {
				ASSETCATALOG_COMPILER_APPICON_NAME = AppIcon;
				ASSETCATALOG_COMPILER_LAUNCHIMAGE_NAME = LaunchImage;
				CODE_SIGN_IDENTITY = "iPhone Distribution: Bobby Ren (H799H8B8DD)";
				FRAMEWORK_SEARCH_PATHS = (
					"$(inherited)",
					"$(PROJECT_DIR)/$(PRODUCT_NAME)",
					"$(PROJECT_DIR)/BabyGems",
					"$(PROJECT_DIR)/FacebookSDK",
					"$(PROJECT_DIR)/FacebookSDK/FBAudienceNetwork",
					"$(PROJECT_DIR)",
					"/Users/mitrenegade12/Downloads/parse-library-1.4.2",
				);
				GCC_PRECOMPILE_PREFIX_HEADER = YES;
				GCC_PREFIX_HEADER = "$(PRODUCT_NAME)/$(PRODUCT_NAME)-Prefix.pch";
				INFOPLIST_FILE = "$(SRCROOT)/BabyGems/BabyGems-Info.plist";
				PRODUCT_NAME = BabyGems;
				PROVISIONING_PROFILE = "faf06a2e-acd1-4136-bebb-b694deb72471";
				WRAPPER_EXTENSION = app;
			};
			name = Release;
		};
		9E79B824196435AA00559838 /* Debug */ = {
			isa = XCBuildConfiguration;
			buildSettings = {
				BUNDLE_LOADER = "$(BUILT_PRODUCTS_DIR)/S(PRODUCT_NAME).app/$(PRODUCT_NAME)";
				FRAMEWORK_SEARCH_PATHS = (
					"$(SDKROOT)/Developer/Library/Frameworks",
					"$(inherited)",
					"$(DEVELOPER_FRAMEWORKS_DIR)",
				);
				GCC_PRECOMPILE_PREFIX_HEADER = YES;
				GCC_PREFIX_HEADER = "$(PRODUCT_NAME)/$(PRODUCT_NAME)-Prefix.pch";
				GCC_PREPROCESSOR_DEFINITIONS = (
					"DEBUG=1",
					"$(inherited)",
				);
				INFOPLIST_FILE = "$(PRODUCT_NAME)Tests/$(PRODUCT_NAME)Tests-Info.plist";
				PRODUCT_NAME = "$(PRODUCT_NAME)Tests";
				TEST_HOST = "$(BUNDLE_LOADER)";
				WRAPPER_EXTENSION = xctest;
			};
			name = Debug;
		};
		9E79B825196435AA00559838 /* Release */ = {
			isa = XCBuildConfiguration;
			buildSettings = {
				BUNDLE_LOADER = "$(BUILT_PRODUCTS_DIR)/$(PRODUCT_NAME).app/$(PRODUCT_NAME)";
				FRAMEWORK_SEARCH_PATHS = (
					"$(SDKROOT)/Developer/Library/Frameworks",
					"$(inherited)",
					"$(DEVELOPER_FRAMEWORKS_DIR)",
				);
				GCC_PRECOMPILE_PREFIX_HEADER = YES;
				GCC_PREFIX_HEADER = "$(PRODUCT_NAME)/$(PRODUCT_NAME)-Prefix.pch";
				INFOPLIST_FILE = "$(PRODUCT_NAME)Tests/$(PRODUCT_NAME)Tests-Info.plist";
				PRODUCT_NAME = "$(PRODUCT_NAME)Tests";
				TEST_HOST = "$(BUNDLE_LOADER)";
				WRAPPER_EXTENSION = xctest;
			};
			name = Release;
		};
/* End XCBuildConfiguration section */

/* Begin XCConfigurationList section */
		9E79B7E9196435AA00559838 /* Build configuration list for PBXProject "BabyGems" */ = {
			isa = XCConfigurationList;
			buildConfigurations = (
				9E79B81E196435AA00559838 /* Debug */,
				9E79B81F196435AA00559838 /* Release */,
			);
			defaultConfigurationIsVisible = 0;
			defaultConfigurationName = Release;
		};
		9E79B820196435AA00559838 /* Build configuration list for PBXNativeTarget "BabyGems" */ = {
			isa = XCConfigurationList;
			buildConfigurations = (
				9E79B821196435AA00559838 /* Debug */,
				9E79B822196435AA00559838 /* Release */,
			);
			defaultConfigurationIsVisible = 0;
			defaultConfigurationName = Release;
		};
		9E79B823196435AA00559838 /* Build configuration list for PBXNativeTarget "BabyGemsTests" */ = {
			isa = XCConfigurationList;
			buildConfigurations = (
				9E79B824196435AA00559838 /* Debug */,
				9E79B825196435AA00559838 /* Release */,
			);
			defaultConfigurationIsVisible = 0;
			defaultConfigurationName = Release;
		};
/* End XCConfigurationList section */

/* Begin XCVersionGroup section */
		9E59DB751A18253C00ABCAEA /* Model.xcdatamodeld */ = {
			isa = XCVersionGroup;
			children = (
				9E59DB761A18253C00ABCAEA /* Model.xcdatamodel */,
			);
			currentVersion = 9E59DB761A18253C00ABCAEA /* Model.xcdatamodel */;
			path = Model.xcdatamodeld;
			sourceTree = "<group>";
			versionGroupType = wrapper.xcdatamodel;
		};
/* End XCVersionGroup section */
	};
	rootObject = 9E79B7E6196435AA00559838 /* Project object */;
}
